
Microsoft Visual Studio Solution File, Format Version 12.00
# Visual Studio Version 17
VisualStudioVersion = 17.0.31717.71
MinimumVisualStudioVersion = 10.0.40219.1
Project("{FAE04EC0-301F-11D3-BF4B-00C04F79EFBC}") = "AV.AVA.StorageBackend", "src\AV.AVA.StorageBackend\AV.AVA.StorageBackend.csproj", "{9879FEB6-CACB-4825-B592-8880A2A3B592}"
EndProject
Project("{2150E333-8FDC-42A3-9474-1A3956D46DE8}") = "Solution Items", "Solution Items", "{A453CC0E-EBA0-4FE3-9376-567BB8A55C5F}"
	ProjectSection(SolutionItems) = preProject
		.editorconfig = .editorconfig
	EndProjectSection
EndProject
Global
	GlobalSection(SolutionConfigurationPlatforms) = preSolution
		Debug|Any CPU = Debug|Any CPU
		Release|Any CPU = Release|Any CPU
	EndGlobalSection
	GlobalSection(ProjectConfigurationPlatforms) = postSolution
		{9879FEB6-CACB-4825-B592-8880A2A3B592}.Debug|Any CPU.ActiveCfg = Debug|Any CPU
		{9879FEB6-CACB-4825-B592-8880A2A3B592}.Debug|Any CPU.Build.0 = Debug|Any CPU
		{9879FEB6-CACB-4825-B592-8880A2A3B592}.Release|Any CPU.ActiveCfg = Release|Any CPU
		{9879FEB6-CACB-4825-B592-8880A2A3B592}.Release|Any CPU.Build.0 = Release|Any CPU
	EndGlobalSection
	GlobalSection(SolutionProperties) = preSolution
		HideSolutionNode = FALSE
	EndGlobalSection
	GlobalSection(ExtensibilityGlobals) = postSolution
		SolutionGuid = {B74FB43F-3DC7-4917-BDD1-ADF3F18E4B4A}
	EndGlobalSection
EndGlobal
